<?xml version="1.0" encoding="utf-8"?>
<Project ToolsVersion="4.0" xmlns="http://schemas.microsoft.com/developer/msbuild/2003">
  <ItemGroup>
    <Filter Include="源文件">
      <UniqueIdentifier>{4FC737F1-C7A5-4376-A066-2A32D752A2FF}</UniqueIdentifier>
      <Extensions>cpp;c;cc;cxx;c++;cppm;ixx;def;odl;idl;hpj;bat;asm;asmx</Extensions>
    </Filter>
    <Filter Include="头文件">
      <UniqueIdentifier>{93995380-89BD-4b04-88EB-625FBE52EBFB}</UniqueIdentifier>
      <Extensions>h;hh;hpp;hxx;h++;hm;inl;inc;ipp;xsd</Extensions>
    </Filter>
    <Filter Include="资源文件">
      <UniqueIdentifier>{67DA6AB6-F800-4c08-8B7A-83BB121AAD01}</UniqueIdentifier>
      <Extensions>rc;ico;cur;bmp;dlg;rc2;rct;bin;rgs;gif;jpg;jpeg;jpe;resx;tiff;tif;png;wav;mfcribbon-ms</Extensions>
    </Filter>
    <Filter Include="头文件\ffmpeg">
      <UniqueIdentifier>{566ec839-e565-4df9-9512-ed78e9407e9a}</UniqueIdentifier>
    </Filter>
    <Filter Include="源文件\ffmpeg">
      <UniqueIdentifier>{0f942035-ca09-48fa-a0cc-3320b0f524e7}</UniqueIdentifier>
    </Filter>
  </ItemGroup>
  <ItemGroup>
    <ClCompile Include="main.cpp">
      <Filter>源文件</Filter>
    </ClCompile>
    <ClCompile Include="packet.cpp">
      <Filter>源文件</Filter>
    </ClCompile>
    <ClCompile Include="rtspClient.cpp">
      <Filter>源文件</Filter>
    </ClCompile>
    <ClCompile Include="http.cpp">
      <Filter>源文件</Filter>
    </ClCompile>
    <ClCompile Include="myJson.cpp">
      <Filter>源文件</Filter>
    </ClCompile>
    <ClCompile Include="fileUtils.cpp">
      <Filter>源文件</Filter>
    </ClCompile>
    <ClCompile Include="md5.cpp">
      <Filter>源文件</Filter>
    </ClCompile>
    <ClCompile Include="utils.cpp">
      <Filter>源文件</Filter>
    </ClCompile>
    <ClCompile Include="rtsp.cpp">
      <Filter>源文件</Filter>
    </ClCompile>
    <ClCompile Include="rtspServer.cpp">
      <Filter>源文件</Filter>
    </ClCompile>
  </ItemGroup>
  <ItemGroup>
    <ClInclude Include="rtsp.h">
      <Filter>头文件</Filter>
    </ClInclude>
    <ClInclude Include="packet.h">
      <Filter>头文件</Filter>
    </ClInclude>
    <ClInclude Include="rtspClient.h">
      <Filter>头文件</Filter>
    </ClInclude>
    <ClInclude Include="http.h">
      <Filter>头文件</Filter>
    </ClInclude>
    <ClInclude Include="myJson.h">
      <Filter>头文件</Filter>
    </ClInclude>
    <ClInclude Include="fileUtils.h">
      <Filter>头文件</Filter>
    </ClInclude>
    <ClInclude Include="md5.h">
      <Filter>头文件</Filter>
    </ClInclude>
    <ClInclude Include="public.h">
      <Filter>头文件</Filter>
    </ClInclude>
    <ClInclude Include="utils.h">
      <Filter>头文件</Filter>
    </ClInclude>
    <ClInclude Include="h264.h">
      <Filter>头文件</Filter>
    </ClInclude>
    <ClInclude Include="rtspServer.h">
      <Filter>头文件</Filter>
    </ClInclude>
  </ItemGroup>
</Project>